
Microsoft Visual Studio Solution File, Format Version 12.00
# Visual Studio Version 17
VisualStudioVersion = 17.11.35431.28
MinimumVisualStudioVersion = 10.0.40219.1
Project("{FAE04EC0-301F-11D3-BF4B-00C04F79EFBC}") = "Dynamic-Time-Table-Generator", "Dynamic-Time-Table-Generator.csproj", "{93693FDC-32A3-495E-911C-12F92AFBF78E}"
EndProject
Global
	GlobalSection(SolutionConfigurationPlatforms) = preSolution
		Debug|Any CPU = Debug|Any CPU
		Release|Any CPU = Release|Any CPU
	EndGlobalSection
	GlobalSection(ProjectConfigurationPlatforms) = postSolution
		{93693FDC-32A3-495E-911C-12F92AFBF78E}.Debug|Any CPU.ActiveCfg = Debug|Any CPU
		{93693FDC-32A3-495E-911C-12F92AFBF78E}.Debug|Any CPU.Build.0 = Debug|Any CPU
		{93693FDC-32A3-495E-911C-12F92AFBF78E}.Release|Any CPU.ActiveCfg = Release|Any CPU
		{93693FDC-32A3-495E-911C-12F92AFBF78E}.Release|Any CPU.Build.0 = Release|Any CPU
	EndGlobalSection
	GlobalSection(SolutionProperties) = preSolution
		HideSolutionNode = FALSE
	EndGlobalSection
	GlobalSection(ExtensibilityGlobals) = postSolution
		SolutionGuid = {2324B711-EBBA-44B9-9336-EB8D3F0C8948}
	EndGlobalSection
EndGlobal
